
Microsoft Visual Studio Solution File, Format Version 12.00
# Visual Studio Version 16
VisualStudioVersion = 16.0.30114.105
MinimumVisualStudioVersion = 10.0.40219.1
Project("{FAE04EC0-301F-11D3-BF4B-00C04F79EFBC}") = "SD725 Design Patterns - State", "SD725 Design Patterns - State\SD725 Design Patterns - State.csproj", "{A8A84A1E-DA51-486F-9408-CEB34483B57A}"
EndProject
Global
	GlobalSection(SolutionConfigurationPlatforms) = preSolution
		Debug|Any CPU = Debug|Any CPU
		Release|Any CPU = Release|Any CPU
	EndGlobalSection
	GlobalSection(ProjectConfigurationPlatforms) = postSolution
		{A8A84A1E-DA51-486F-9408-CEB34483B57A}.Debug|Any CPU.ActiveCfg = Debug|Any CPU
		{A8A84A1E-DA51-486F-9408-CEB34483B57A}.Debug|Any CPU.Build.0 = Debug|Any CPU
		{A8A84A1E-DA51-486F-9408-CEB34483B57A}.Release|Any CPU.ActiveCfg = Release|Any CPU
		{A8A84A1E-DA51-486F-9408-CEB34483B57A}.Release|Any CPU.Build.0 = Release|Any CPU
	EndGlobalSection
	GlobalSection(SolutionProperties) = preSolution
		HideSolutionNode = FALSE
	EndGlobalSection
	GlobalSection(ExtensibilityGlobals) = postSolution
		SolutionGuid = {082ACEF8-55DF-4F7D-AE51-EF5F057D255A}
	EndGlobalSection
EndGlobal
